
Microsoft Visual Studio Solution File, Format Version 12.00
# Visual Studio Version 16
VisualStudioVersion = 16.0.30717.126
MinimumVisualStudioVersion = 10.0.40219.1
Project("{FAE04EC0-301F-11D3-BF4B-00C04F79EFBC}") = "Tauko_AUTE19SA", "Tauko_AUTE19SA\Tauko_AUTE19SA.csproj", "{23C6B4C3-2AAF-452E-9232-225395E78DB2}"
EndProject
Global
	GlobalSection(SolutionConfigurationPlatforms) = preSolution
		Debug|Any CPU = Debug|Any CPU
		Release|Any CPU = Release|Any CPU
	EndGlobalSection
	GlobalSection(ProjectConfigurationPlatforms) = postSolution
		{23C6B4C3-2AAF-452E-9232-225395E78DB2}.Debug|Any CPU.ActiveCfg = Debug|Any CPU
		{23C6B4C3-2AAF-452E-9232-225395E78DB2}.Debug|Any CPU.Build.0 = Debug|Any CPU
		{23C6B4C3-2AAF-452E-9232-225395E78DB2}.Release|Any CPU.ActiveCfg = Release|Any CPU
		{23C6B4C3-2AAF-452E-9232-225395E78DB2}.Release|Any CPU.Build.0 = Release|Any CPU
	EndGlobalSection
	GlobalSection(SolutionProperties) = preSolution
		HideSolutionNode = FALSE
	EndGlobalSection
	GlobalSection(ExtensibilityGlobals) = postSolution
		SolutionGuid = {099F19E2-C450-408E-B12D-E25A8A747037}
	EndGlobalSection
EndGlobal
